
Microsoft Visual Studio Solution File, Format Version 10.00
# Visual Studio 2008
Project("{8BC9CEB8-8B4A-11D0-8D11-00A0C91BC942}") = "RunBhjRun", "RunBhjRun.vcproj", "{A30DC00A-A518-4D80-9E59-9C59594E7DA3}"
EndProject
Project("{8BC9CEB8-8B4A-11D0-8D11-00A0C91BC942}") = "test", "test\test.vcproj", "{1990171D-EE09-49CE-AC52-25D4A3B2DC73}"
EndProject
Global
	GlobalSection(SolutionConfigurationPlatforms) = preSolution
		Debug|Win32 = Debug|Win32
		Release|Win32 = Release|Win32
	EndGlobalSection
	GlobalSection(ProjectConfigurationPlatforms) = postSolution
		{A30DC00A-A518-4D80-9E59-9C59594E7DA3}.Debug|Win32.ActiveCfg = Debug|Win32
		{A30DC00A-A518-4D80-9E59-9C59594E7DA3}.Debug|Win32.Build.0 = Debug|Win32
		{A30DC00A-A518-4D80-9E59-9C59594E7DA3}.Release|Win32.ActiveCfg = Release|Win32
		{A30DC00A-A518-4D80-9E59-9C59594E7DA3}.Release|Win32.Build.0 = Release|Win32
		{1990171D-EE09-49CE-AC52-25D4A3B2DC73}.Debug|Win32.ActiveCfg = Debug|Win32
		{1990171D-EE09-49CE-AC52-25D4A3B2DC73}.Debug|Win32.Build.0 = Debug|Win32
		{1990171D-EE09-49CE-AC52-25D4A3B2DC73}.Release|Win32.ActiveCfg = Release|Win32
		{1990171D-EE09-49CE-AC52-25D4A3B2DC73}.Release|Win32.Build.0 = Release|Win32
	EndGlobalSection
	GlobalSection(SolutionProperties) = preSolution
		HideSolutionNode = FALSE
	EndGlobalSection
EndGlobal
