
Microsoft Visual Studio Solution File, Format Version 10.00
# Visual Studio 2008
Project("{8BC9CEB8-8B4A-11D0-8D11-00A0C91BC942}") = "findexec", "findexec.vcproj", "{448E1FE5-7754-4463-9D62-8D1B355C3A88}"
EndProject
Global
	GlobalSection(SolutionConfigurationPlatforms) = preSolution
		Debug|Win32 = Debug|Win32
		Release|Win32 = Release|Win32
	EndGlobalSection
	GlobalSection(ProjectConfigurationPlatforms) = postSolution
		{448E1FE5-7754-4463-9D62-8D1B355C3A88}.Debug|Win32.ActiveCfg = Debug|Win32
		{448E1FE5-7754-4463-9D62-8D1B355C3A88}.Debug|Win32.Build.0 = Debug|Win32
		{448E1FE5-7754-4463-9D62-8D1B355C3A88}.Release|Win32.ActiveCfg = Release|Win32
		{448E1FE5-7754-4463-9D62-8D1B355C3A88}.Release|Win32.Build.0 = Release|Win32
	EndGlobalSection
	GlobalSection(SolutionProperties) = preSolution
		HideSolutionNode = FALSE
	EndGlobalSection
EndGlobal
