
Microsoft Visual Studio Solution File, Format Version 9.00
# Visual Studio 2005
Project("{8BC9CEB8-8B4A-11D0-8D11-00A0C91BC942}") = "ssh2Emacs", "ssh2Emacs.vcproj", "{02511284-C350-478D-B87F-8A5E77B75405}"
EndProject
Global
	GlobalSection(SolutionConfigurationPlatforms) = preSolution
		Debug|Win32 = Debug|Win32
		Release|Win32 = Release|Win32
	EndGlobalSection
	GlobalSection(ProjectConfigurationPlatforms) = postSolution
		{02511284-C350-478D-B87F-8A5E77B75405}.Debug|Win32.ActiveCfg = Debug|Win32
		{02511284-C350-478D-B87F-8A5E77B75405}.Debug|Win32.Build.0 = Debug|Win32
		{02511284-C350-478D-B87F-8A5E77B75405}.Release|Win32.ActiveCfg = Release|Win32
		{02511284-C350-478D-B87F-8A5E77B75405}.Release|Win32.Build.0 = Release|Win32
	EndGlobalSection
	GlobalSection(SolutionProperties) = preSolution
		HideSolutionNode = FALSE
	EndGlobalSection
EndGlobal
